
Microsoft Visual Studio Solution File, Format Version 12.00
# Visual Studio 14
VisualStudioVersion = 14.0.25420.1
MinimumVisualStudioVersion = 10.0.40219.1
Project("{8BC9CEB8-8B4A-11D0-8D11-00A0C91BC942}") = "tlsdll", "tlsdll\tlsdll.vcxproj", "{C6A749C3-9664-4B7D-8913-DD2D7380115B}"
EndProject
Project("{8BC9CEB8-8B4A-11D0-8D11-00A0C91BC942}") = "tls", "tls\tls.vcxproj", "{0CF94835-890C-4528-8BA0-14CEC441F904}"
	ProjectSection(ProjectDependencies) = postProject
		{C6A749C3-9664-4B7D-8913-DD2D7380115B} = {C6A749C3-9664-4B7D-8913-DD2D7380115B}
	EndProjectSection
EndProject
Global
	GlobalSection(SolutionConfigurationPlatforms) = preSolution
		Debug|x64 = Debug|x64
		Debug|x86 = Debug|x86
		Release|x64 = Release|x64
		Release|x86 = Release|x86
	EndGlobalSection
	GlobalSection(ProjectConfigurationPlatforms) = postSolution
		{C6A749C3-9664-4B7D-8913-DD2D7380115B}.Debug|x64.ActiveCfg = Debug|x64
		{C6A749C3-9664-4B7D-8913-DD2D7380115B}.Debug|x64.Build.0 = Debug|x64
		{C6A749C3-9664-4B7D-8913-DD2D7380115B}.Debug|x86.ActiveCfg = Debug|Win32
		{C6A749C3-9664-4B7D-8913-DD2D7380115B}.Debug|x86.Build.0 = Debug|Win32
		{C6A749C3-9664-4B7D-8913-DD2D7380115B}.Release|x64.ActiveCfg = Release|x64
		{C6A749C3-9664-4B7D-8913-DD2D7380115B}.Release|x64.Build.0 = Release|x64
		{C6A749C3-9664-4B7D-8913-DD2D7380115B}.Release|x86.ActiveCfg = Release|Win32
		{C6A749C3-9664-4B7D-8913-DD2D7380115B}.Release|x86.Build.0 = Release|Win32
		{0CF94835-890C-4528-8BA0-14CEC441F904}.Debug|x64.ActiveCfg = Debug|x64
		{0CF94835-890C-4528-8BA0-14CEC441F904}.Debug|x64.Build.0 = Debug|x64
		{0CF94835-890C-4528-8BA0-14CEC441F904}.Debug|x86.ActiveCfg = Debug|Win32
		{0CF94835-890C-4528-8BA0-14CEC441F904}.Debug|x86.Build.0 = Debug|Win32
		{0CF94835-890C-4528-8BA0-14CEC441F904}.Release|x64.ActiveCfg = Release|x64
		{0CF94835-890C-4528-8BA0-14CEC441F904}.Release|x64.Build.0 = Release|x64
		{0CF94835-890C-4528-8BA0-14CEC441F904}.Release|x86.ActiveCfg = Release|Win32
		{0CF94835-890C-4528-8BA0-14CEC441F904}.Release|x86.Build.0 = Release|Win32
	EndGlobalSection
	GlobalSection(SolutionProperties) = preSolution
		HideSolutionNode = FALSE
	EndGlobalSection
EndGlobal
